# THIS IS AN AUTOGENERATED FILE. DO NOT EDIT THIS FILE DIRECTLY.
# yarn lockfile v1


after@0.8.2:
  version "0.8.2"
  resolved "https://realglobe.artifactoryonline.com/realglobe/api/npm/npm-virtual/after/-/after-0.8.2.tgz#fedb394f9f0e02aa9768e702bda23b505fae7e1f"

aglob@^1.0.1, aglob@^1.1.1:
  version "1.1.1"
  resolved "https://realglobe.artifactoryonline.com/realglobe/api/npm/npm-virtual/aglob/-/aglob-1.1.1.tgz#f952692aadbd9d528775e914b695e07631f9f08a"
  dependencies:
    babel-runtime "^6.11.6"
    co "^4.6.0"
    glob "^7.0.5"

ansi-regex@^2.0.0:
  version "2.0.0"
  resolved "https://realglobe.artifactoryonline.com/realglobe/api/npm/npm-virtual/ansi-regex/-/ansi-regex-2.0.0.tgz#c5061b6e0ef8a81775e50f5d66151bf6bf371107"

ansi-styles@^2.2.1:
  version "2.2.1"
  resolved "https://realglobe.artifactoryonline.com/realglobe/api/npm/npm-virtual/ansi-styles/-/ansi-styles-2.2.1.tgz#b432dd3358b634cf75e1e4664368240533c1ddbe"

argx@^3.0.0, argx@^3.0.1:
  version "3.0.2"
  resolved "https://realglobe.artifactoryonline.com/realglobe/api/npm/npm-virtual/argx/-/argx-3.0.2.tgz#1baa88d160ab6f546b6ece0e07596cc2bb3424a9"
  dependencies:
    iftype "^3.0.0"

arraybuffer.slice@0.0.6:
  version "0.0.6"
  resolved "https://realglobe.artifactoryonline.com/realglobe/api/npm/npm-virtual/arraybuffer.slice/-/arraybuffer.slice-0.0.6.tgz#f33b2159f0532a3f3107a272c0ccfbd1ad2979ca"

asenv@^1.0.4, asenv@^1.0.6:
  version "1.1.0"
  resolved "https://realglobe.artifactoryonline.com/realglobe/api/npm/npm-virtual/asenv/-/asenv-1.1.0.tgz#70bd3f5181c747e8e78c6e47d817708c9f6fe56a"
  dependencies:
    babel-runtime "^6.11.6"
    co "^4.6.0"

asfs@^1.0.5:
  version "1.2.1"
  resolved "https://realglobe.artifactoryonline.com/realglobe/api/npm/npm-virtual/asfs/-/asfs-1.2.1.tgz#0e86ea35797a9007d461515feef1090b1e3b9dea"
  dependencies:
    aglob "^1.1.1"
    co "^4.6.0"
    filecopy "^2.1.2"
    mkdirp "^0.5.1"

asleep@^1.0.3:
  version "1.0.3"
  resolved "https://realglobe.artifactoryonline.com/realglobe/api/npm/npm-virtual/asleep/-/asleep-1.0.3.tgz#a104e24ac229563c425e4ea7e75b578a19ee218e"

asn1@~0.2.3:
  version "0.2.3"
  resolved "https://realglobe.artifactoryonline.com/realglobe/api/npm/npm-virtual/asn1/-/asn1-0.2.3.tgz#dac8787713c9966849fc8180777ebe9c1ddf3b86"

assert-plus@^0.2.0:
  version "0.2.0"
  resolved "https://realglobe.artifactoryonline.com/realglobe/api/npm/npm-virtual/assert-plus/-/assert-plus-0.2.0.tgz#d74e1b87e7affc0db8aadb7021f3fe48101ab234"

assert-plus@^1.0.0:
  version "1.0.0"
  resolved "https://realglobe.artifactoryonline.com/realglobe/api/npm/npm-virtual/assert-plus/-/assert-plus-1.0.0.tgz#f12e0f3c5d77b0b1cdd9146942e4e96c1e4dd525"

async@~1.0.0:
  version "1.0.0"
  resolved "https://realglobe.artifactoryonline.com/realglobe/api/npm/npm-virtual/async/-/async-1.0.0.tgz#f8fc04ca3a13784ade9e1641af98578cfbd647a9"

async@~1.5:
  version "1.5.2"
  resolved "https://realglobe.artifactoryonline.com/realglobe/api/npm/npm-virtual/async/-/async-1.5.2.tgz#ec6a61ae56480c0c3cb241c95618e20892f9672a"

asynckit@^0.4.0:
  version "0.4.0"
  resolved "https://realglobe.artifactoryonline.com/realglobe/api/npm/npm-virtual/asynckit/-/asynckit-0.4.0.tgz#c79ed97f7f34cb8f2ba1bc9790bcc366474b4b79"

aws-sign2@~0.6.0:
  version "0.6.0"
  resolved "https://realglobe.artifactoryonline.com/realglobe/api/npm/npm-virtual/aws-sign2/-/aws-sign2-0.6.0.tgz#14342dd38dbcc94d0e5b87d763cd63612c0e794f"

aws4@^1.2.1:
  version "1.5.0"
  resolved "https://realglobe.artifactoryonline.com/realglobe/api/npm/npm-virtual/aws4/-/aws4-1.5.0.tgz#0a29ffb79c31c9e712eeb087e8e7a64b4a56d755"

babel-runtime@^6.11.6:
  version "6.20.0"
  resolved "https://realglobe.artifactoryonline.com/realglobe/api/npm/npm-virtual/babel-runtime/-/babel-runtime-6.20.0.tgz#87300bdcf4cd770f09bf0048c64204e17806d16f"
  dependencies:
    core-js "^2.4.0"
    regenerator-runtime "^0.10.0"

backo2@1.0.2:
  version "1.0.2"
  resolved "https://realglobe.artifactoryonline.com/realglobe/api/npm/npm-virtual/backo2/-/backo2-1.0.2.tgz#31ab1ac8b129363463e35b3ebb69f4dfcfba7947"

balanced-match@^0.4.1:
  version "0.4.2"
  resolved "https://realglobe.artifactoryonline.com/realglobe/api/npm/npm-virtual/balanced-match/-/balanced-match-0.4.2.tgz#cb3f3e3c732dc0f01ee70b403f302e61d7709838"

base64-arraybuffer@0.1.5:
  version "0.1.5"
  resolved "https://realglobe.artifactoryonline.com/realglobe/api/npm/npm-virtual/base64-arraybuffer/-/base64-arraybuffer-0.1.5.tgz#73926771923b5a19747ad666aa5cd4bf9c6e9ce8"

bcrypt-pbkdf@^1.0.0:
  version "1.0.0"
  resolved "https://realglobe.artifactoryonline.com/realglobe/api/npm/npm-virtual/bcrypt-pbkdf/-/bcrypt-pbkdf-1.0.0.tgz#3ca76b85241c7170bf7d9703e7b9aa74630040d4"
  dependencies:
    tweetnacl "^0.14.3"

better-assert@~1.0.0:
  version "1.0.2"
  resolved "https://realglobe.artifactoryonline.com/realglobe/api/npm/npm-virtual/better-assert/-/better-assert-1.0.2.tgz#40866b9e1b9e0b55b481894311e68faffaebc522"
  dependencies:
    callsite "1.0.0"

blob@0.0.4:
  version "0.0.4"
  resolved "https://realglobe.artifactoryonline.com/realglobe/api/npm/npm-virtual/blob/-/blob-0.0.4.tgz#bcf13052ca54463f30f9fc7e95b9a47630a94921"

boom@2.x.x:
  version "2.10.1"
  resolved "https://realglobe.artifactoryonline.com/realglobe/api/npm/npm-virtual/boom/-/boom-2.10.1.tgz#39c8918ceff5799f83f9492a848f625add0c766f"
  dependencies:
    hoek "2.x.x"

brace-expansion@^1.0.0:
  version "1.1.6"
  resolved "https://realglobe.artifactoryonline.com/realglobe/api/npm/npm-virtual/brace-expansion/-/brace-expansion-1.1.6.tgz#7197d7eaa9b87e648390ea61fc66c84427420df9"
  dependencies:
    balanced-match "^0.4.1"
    concat-map "0.0.1"

bwindow@^1.0.7:
  version "1.0.7"
  resolved "https://realglobe.artifactoryonline.com/realglobe/api/npm/npm-virtual/bwindow/-/bwindow-1.0.7.tgz#0f89b43c53aee57b19fe055e41e46b245d17c235"

callsite@1.0.0:
  version "1.0.0"
  resolved "https://realglobe.artifactoryonline.com/realglobe/api/npm/npm-virtual/callsite/-/callsite-1.0.0.tgz#280398e5d664bd74038b6f0905153e6e8af1bc20"

caseless@~0.11.0:
  version "0.11.0"
  resolved "https://realglobe.artifactoryonline.com/realglobe/api/npm/npm-virtual/caseless/-/caseless-0.11.0.tgz#715b96ea9841593cc33067923f5ec60ebda4f7d7"

chalk@^1.1.1:
  version "1.1.3"
  resolved "https://realglobe.artifactoryonline.com/realglobe/api/npm/npm-virtual/chalk/-/chalk-1.1.3.tgz#a8115c55e4a702fe4d150abd3872822a7e09fc98"
  dependencies:
    ansi-styles "^2.2.1"
    escape-string-regexp "^1.0.2"
    has-ansi "^2.0.0"
    strip-ansi "^3.0.0"
    supports-color "^2.0.0"

clone@^1.0.2:
  version "1.0.2"
  resolved "https://realglobe.artifactoryonline.com/realglobe/api/npm/npm-virtual/clone/-/clone-1.0.2.tgz#260b7a99ebb1edfe247538175f783243cb19d149"

co@^4.6.0:
  version "4.6.0"
  resolved "https://realglobe.artifactoryonline.com/realglobe/api/npm/npm-virtual/co/-/co-4.6.0.tgz#6ea6bdf3d853ae54ccb8e47bfa0bf3f9031fb184"

colors@1.0.x:
  version "1.0.3"
  resolved "https://realglobe.artifactoryonline.com/realglobe/api/npm/npm-virtual/colors/-/colors-1.0.3.tgz#0433f44d809680fdeb60ed260f1b0c262e82a40b"

combined-stream@^1.0.5, combined-stream@~1.0.5:
  version "1.0.5"
  resolved "https://realglobe.artifactoryonline.com/realglobe/api/npm/npm-virtual/combined-stream/-/combined-stream-1.0.5.tgz#938370a57b4a51dea2c77c15d5c5fdf895164009"
  dependencies:
    delayed-stream "~1.0.0"

commander@^2.9.0:
  version "2.9.0"
  resolved "https://realglobe.artifactoryonline.com/realglobe/api/npm/npm-virtual/commander/-/commander-2.9.0.tgz#9c99094176e12240cb22d6c5146098400fe0f7d4"
  dependencies:
    graceful-readlink ">= 1.0.0"

component-bind@1.0.0:
  version "1.0.0"
  resolved "https://realglobe.artifactoryonline.com/realglobe/api/npm/npm-virtual/component-bind/-/component-bind-1.0.0.tgz#00c608ab7dcd93897c0009651b1d3a8e1e73bbd1"

component-emitter@1.1.2:
  version "1.1.2"
  resolved "https://realglobe.artifactoryonline.com/realglobe/api/npm/npm-virtual/component-emitter/-/component-emitter-1.1.2.tgz#296594f2753daa63996d2af08d15a95116c9aec3"

component-emitter@1.2.1:
  version "1.2.1"
  resolved "https://realglobe.artifactoryonline.com/realglobe/api/npm/npm-virtual/component-emitter/-/component-emitter-1.2.1.tgz#137918d6d78283f7df7a6b7c5a63e140e69425e6"

component-inherit@0.0.3:
  version "0.0.3"
  resolved "https://realglobe.artifactoryonline.com/realglobe/api/npm/npm-virtual/component-inherit/-/component-inherit-0.0.3.tgz#645fc4adf58b72b649d5cae65135619db26ff143"

concat-map@0.0.1:
  version "0.0.1"
  resolved "https://realglobe.artifactoryonline.com/realglobe/api/npm/npm-virtual/concat-map/-/concat-map-0.0.1.tgz#d8a96bd77fd68df7793a73036a3ba0d5405d477b"

concat-stream@1.5.0:
  version "1.5.0"
  resolved "https://realglobe.artifactoryonline.com/realglobe/api/npm/npm-virtual/concat-stream/-/concat-stream-1.5.0.tgz#53f7d43c51c5e43f81c8fdd03321c631be68d611"
  dependencies:
    inherits "~2.0.1"
    readable-stream "~2.0.0"
    typedarray "~0.0.5"

core-js@^2.4.0:
  version "2.4.1"
  resolved "https://realglobe.artifactoryonline.com/realglobe/api/npm/npm-virtual/core-js/-/core-js-2.4.1.tgz#4de911e667b0eae9124e34254b53aea6fc618d3e"

core-util-is@~1.0.0:
  version "1.0.2"
  resolved "https://realglobe.artifactoryonline.com/realglobe/api/npm/npm-virtual/core-util-is/-/core-util-is-1.0.2.tgz#b5fd54220aa2bc5ab57aab7140c940754503c1a7"

cryptiles@2.x.x:
  version "2.0.5"
  resolved "https://realglobe.artifactoryonline.com/realglobe/api/npm/npm-virtual/cryptiles/-/cryptiles-2.0.5.tgz#3bdfecdc608147c1c67202fa291e7dca59eaa3b8"
  dependencies:
    boom "2.x.x"

cycle@1.0.x:
  version "1.0.3"
  resolved "https://realglobe.artifactoryonline.com/realglobe/api/npm/npm-virtual/cycle/-/cycle-1.0.3.tgz#21e80b2be8580f98b468f379430662b046c34ad2"

dashdash@^1.12.0:
  version "1.14.1"
  resolved "https://realglobe.artifactoryonline.com/realglobe/api/npm/npm-virtual/dashdash/-/dashdash-1.14.1.tgz#853cfa0f7cbe2fed5de20326b8dd581035f6e2f0"
  dependencies:
    assert-plus "^1.0.0"

debug@0.7.4:
  version "0.7.4"
  resolved "https://realglobe.artifactoryonline.com/realglobe/api/npm/npm-virtual/debug/-/debug-0.7.4.tgz#06e1ea8082c2cb14e39806e22e2f6f757f92af39"

debug@2.2.0:
  version "2.2.0"
  resolved "https://realglobe.artifactoryonline.com/realglobe/api/npm/npm-virtual/debug/-/debug-2.2.0.tgz#f87057e995b1a1f6ae6a4960664137bc56f039da"
  dependencies:
    ms "0.7.1"

debug@2.3.3:
  version "2.3.3"
  resolved "https://realglobe.artifactoryonline.com/realglobe/api/npm/npm-virtual/debug/-/debug-2.3.3.tgz#40c453e67e6e13c901ddec317af8986cda9eff8c"
  dependencies:
    ms "0.7.2"

debug@^2.2.0:
  version "2.6.0"
  resolved "https://realglobe.artifactoryonline.com/realglobe/api/npm/npm-virtual/debug/-/debug-2.6.0.tgz#bc596bcabe7617f11d9fa15361eded5608b8499b"
  dependencies:
    ms "0.7.2"

defaults@^1.0.3:
  version "1.0.3"
  resolved "https://realglobe.artifactoryonline.com/realglobe/api/npm/npm-virtual/defaults/-/defaults-1.0.3.tgz#c656051e9817d9ff08ed881477f3fe4019f3ef7d"
  dependencies:
    clone "^1.0.2"

delayed-stream@~1.0.0:
  version "1.0.0"
  resolved "https://realglobe.artifactoryonline.com/realglobe/api/npm/npm-virtual/delayed-stream/-/delayed-stream-1.0.0.tgz#df3ae199acadfb7d440aaae0b29e2272b24ec619"

ecc-jsbn@~0.1.1:
  version "0.1.1"
  resolved "https://realglobe.artifactoryonline.com/realglobe/api/npm/npm-virtual/ecc-jsbn/-/ecc-jsbn-0.1.1.tgz#0fc73a9ed5f0d53c38193398523ef7e543777505"
  dependencies:
    jsbn "~0.1.0"

engine.io-client@1.8.2:
  version "1.8.2"
  resolved "https://realglobe.artifactoryonline.com/realglobe/api/npm/npm-virtual/engine.io-client/-/engine.io-client-1.8.2.tgz#c38767547f2a7d184f5752f6f0ad501006703766"
  dependencies:
    component-emitter "1.2.1"
    component-inherit "0.0.3"
    debug "2.3.3"
    engine.io-parser "1.3.2"
    has-cors "1.1.0"
    indexof "0.0.1"
    parsejson "0.0.3"
    parseqs "0.0.5"
    parseuri "0.0.5"
    ws "1.1.1"
    xmlhttprequest-ssl "1.5.3"
    yeast "0.1.2"

engine.io-parser@1.3.2:
  version "1.3.2"
  resolved "https://realglobe.artifactoryonline.com/realglobe/api/npm/npm-virtual/engine.io-parser/-/engine.io-parser-1.3.2.tgz#937b079f0007d0893ec56d46cb220b8cb435220a"
  dependencies:
    after "0.8.2"
    arraybuffer.slice "0.0.6"
    base64-arraybuffer "0.1.5"
    blob "0.0.4"
    has-binary "0.1.7"
    wtf-8 "1.0.0"

es6-promise@~4.0.3:
  version "4.0.5"
  resolved "https://realglobe.artifactoryonline.com/realglobe/api/npm/npm-virtual/es6-promise/-/es6-promise-4.0.5.tgz#7882f30adde5b240ccfa7f7d78c548330951ae42"

escape-string-regexp@^1.0.2:
  version "1.0.5"
  resolved "https://realglobe.artifactoryonline.com/realglobe/api/npm/npm-virtual/escape-string-regexp/-/escape-string-regexp-1.0.5.tgz#1b61c0562190a8dff6ae3bb2cf0200ca130b86d4"

extend@~3.0.0:
  version "3.0.0"
  resolved "https://realglobe.artifactoryonline.com/realglobe/api/npm/npm-virtual/extend/-/extend-3.0.0.tgz#5a474353b9f3353ddd8176dfd37b91c83a46f1d4"

extract-zip@~1.5.0:
  version "1.5.0"
  resolved "https://realglobe.artifactoryonline.com/realglobe/api/npm/npm-virtual/extract-zip/-/extract-zip-1.5.0.tgz#92ccf6d81ef70a9fa4c1747114ccef6d8688a6c4"
  dependencies:
    concat-stream "1.5.0"
    debug "0.7.4"
    mkdirp "0.5.0"
    yauzl "2.4.1"

extsprintf@1.0.2:
  version "1.0.2"
  resolved "https://realglobe.artifactoryonline.com/realglobe/api/npm/npm-virtual/extsprintf/-/extsprintf-1.0.2.tgz#e1080e0658e300b06294990cc70e1502235fd550"

eyes@0.1.x:
  version "0.1.8"
  resolved "https://realglobe.artifactoryonline.com/realglobe/api/npm/npm-virtual/eyes/-/eyes-0.1.8.tgz#62cf120234c683785d902348a800ef3e0cc20bc0"

fd-slicer@~1.0.1:
  version "1.0.1"
  resolved "https://realglobe.artifactoryonline.com/realglobe/api/npm/npm-virtual/fd-slicer/-/fd-slicer-1.0.1.tgz#8b5bcbd9ec327c5041bf9ab023fd6750f1177e65"
  dependencies:
    pend "~1.2.0"

filecopy@^2.0.2, filecopy@^2.1.2:
  version "2.1.2"
  resolved "https://realglobe.artifactoryonline.com/realglobe/api/npm/npm-virtual/filecopy/-/filecopy-2.1.2.tgz#b040a243712594fa3556a94b575c59f28b34eac4"
  dependencies:
    aglob "^1.0.1"
    argx "^3.0.0"
    asfs "^1.0.5"
    babel-runtime "^6.11.6"
    co "^4.6.0"

foreach@^2.0.4:
  version "2.0.5"
  resolved "https://realglobe.artifactoryonline.com/realglobe/api/npm/npm-virtual/foreach/-/foreach-2.0.5.tgz#0bee005018aeb260d0a3af3ae658dd0136ec1b99"

forever-agent@~0.6.1:
  version "0.6.1"
  resolved "https://realglobe.artifactoryonline.com/realglobe/api/npm/npm-virtual/forever-agent/-/forever-agent-0.6.1.tgz#fbc71f0c41adeb37f96c577ad1ed42d8fdacca91"

form-data@~2.1.1:
  version "2.1.2"
  resolved "https://realglobe.artifactoryonline.com/realglobe/api/npm/npm-virtual/form-data/-/form-data-2.1.2.tgz#89c3534008b97eada4cbb157d58f6f5df025eae4"
  dependencies:
    asynckit "^0.4.0"
    combined-stream "^1.0.5"
    mime-types "^2.1.12"

fs-extra@~1.0.0:
  version "1.0.0"
  resolved "https://realglobe.artifactoryonline.com/realglobe/api/npm/npm-virtual/fs-extra/-/fs-extra-1.0.0.tgz#cd3ce5f7e7cb6145883fcae3191e9877f8587950"
  dependencies:
    graceful-fs "^4.1.2"
    jsonfile "^2.1.0"
    klaw "^1.0.0"

fs.realpath@^1.0.0:
  version "1.0.0"
  resolved "https://realglobe.artifactoryonline.com/realglobe/api/npm/npm-virtual/fs.realpath/-/fs.realpath-1.0.0.tgz#1504ad2523158caa40db4a2787cb01411994ea4f"

generate-function@^2.0.0:
  version "2.0.0"
  resolved "https://realglobe.artifactoryonline.com/realglobe/api/npm/npm-virtual/generate-function/-/generate-function-2.0.0.tgz#6858fe7c0969b7d4e9093337647ac79f60dfbe74"

generate-object-property@^1.1.0:
  version "1.2.0"
  resolved "https://realglobe.artifactoryonline.com/realglobe/api/npm/npm-virtual/generate-object-property/-/generate-object-property-1.2.0.tgz#9c0e1c40308ce804f4783618b937fa88f99d50d0"
  dependencies:
    is-property "^1.0.0"

getpass@^0.1.1:
  version "0.1.6"
  resolved "https://realglobe.artifactoryonline.com/realglobe/api/npm/npm-virtual/getpass/-/getpass-0.1.6.tgz#283ffd9fc1256840875311c1b60e8c40187110e6"
  dependencies:
    assert-plus "^1.0.0"

glob@^7.0.5:
  version "7.1.1"
  resolved "https://realglobe.artifactoryonline.com/realglobe/api/npm/npm-virtual/glob/-/glob-7.1.1.tgz#805211df04faaf1c63a3600306cdf5ade50b2ec8"
  dependencies:
    fs.realpath "^1.0.0"
    inflight "^1.0.4"
    inherits "2"
    minimatch "^3.0.2"
    once "^1.3.0"
    path-is-absolute "^1.0.0"

graceful-fs@^4.1.2, graceful-fs@^4.1.6, graceful-fs@^4.1.9:
  version "4.1.11"
  resolved "https://realglobe.artifactoryonline.com/realglobe/api/npm/npm-virtual/graceful-fs/-/graceful-fs-4.1.11.tgz#0e8bdfe4d1ddb8854d64e04ea7c00e2a026e5658"

"graceful-readlink@>= 1.0.0":
  version "1.0.1"
  resolved "https://realglobe.artifactoryonline.com/realglobe/api/npm/npm-virtual/graceful-readlink/-/graceful-readlink-1.0.1.tgz#4cafad76bc62f02fa039b2f94e9a3dd3a391a725"

har-validator@~2.0.6:
  version "2.0.6"
  resolved "https://realglobe.artifactoryonline.com/realglobe/api/npm/npm-virtual/har-validator/-/har-validator-2.0.6.tgz#cdcbc08188265ad119b6a5a7c8ab70eecfb5d27d"
  dependencies:
    chalk "^1.1.1"
    commander "^2.9.0"
    is-my-json-valid "^2.12.4"
    pinkie-promise "^2.0.0"

has-ansi@^2.0.0:
  version "2.0.0"
  resolved "https://realglobe.artifactoryonline.com/realglobe/api/npm/npm-virtual/has-ansi/-/has-ansi-2.0.0.tgz#34f5049ce1ecdf2b0649af3ef24e45ed35416d91"
  dependencies:
    ansi-regex "^2.0.0"

has-binary@0.1.7:
  version "0.1.7"
  resolved "https://realglobe.artifactoryonline.com/realglobe/api/npm/npm-virtual/has-binary/-/has-binary-0.1.7.tgz#68e61eb16210c9545a0a5cce06a873912fe1e68c"
  dependencies:
    isarray "0.0.1"

has-cors@1.1.0:
  version "1.1.0"
  resolved "https://realglobe.artifactoryonline.com/realglobe/api/npm/npm-virtual/has-cors/-/has-cors-1.1.0.tgz#5e474793f7ea9843d1bb99c23eef49ff126fff39"

hasbin@^1.2.3:
  version "1.2.3"
  resolved "https://realglobe.artifactoryonline.com/realglobe/api/npm/npm-virtual/hasbin/-/hasbin-1.2.3.tgz#78c5926893c80215c2b568ae1fd3fcab7a2696b0"
  dependencies:
    async "~1.5"

hasha@~2.2.0:
  version "2.2.0"
  resolved "https://realglobe.artifactoryonline.com/realglobe/api/npm/npm-virtual/hasha/-/hasha-2.2.0.tgz#78d7cbfc1e6d66303fe79837365984517b2f6ee1"
  dependencies:
    is-stream "^1.0.1"
    pinkie-promise "^2.0.0"

hawk@~3.1.3:
  version "3.1.3"
  resolved "https://realglobe.artifactoryonline.com/realglobe/api/npm/npm-virtual/hawk/-/hawk-3.1.3.tgz#078444bd7c1640b0fe540d2c9b73d59678e8e1c4"
  dependencies:
    boom "2.x.x"
    cryptiles "2.x.x"
    hoek "2.x.x"
    sntp "1.x.x"

hoek@2.x.x:
  version "2.16.3"
  resolved "https://realglobe.artifactoryonline.com/realglobe/api/npm/npm-virtual/hoek/-/hoek-2.16.3.tgz#20bb7403d3cea398e91dc4710a8ff1b8274a25ed"

http-signature@~1.1.0:
  version "1.1.1"
  resolved "https://realglobe.artifactoryonline.com/realglobe/api/npm/npm-virtual/http-signature/-/http-signature-1.1.1.tgz#df72e267066cd0ac67fb76adf8e134a8fbcf91bf"
  dependencies:
    assert-plus "^0.2.0"
    jsprim "^1.2.2"
    sshpk "^1.7.0"

iftype@^3.0.0:
  version "3.0.2"
  resolved "https://realglobe.artifactoryonline.com/realglobe/api/npm/npm-virtual/iftype/-/iftype-3.0.2.tgz#5771261e64fb35a680d320d3668c7529f925ab74"
  dependencies:
    babel-runtime "^6.11.6"

indexof@0.0.1:
  version "0.0.1"
  resolved "https://realglobe.artifactoryonline.com/realglobe/api/npm/npm-virtual/indexof/-/indexof-0.0.1.tgz#82dc336d232b9062179d05ab3293a66059fd435d"

inflight@^1.0.4:
  version "1.0.6"
  resolved "https://realglobe.artifactoryonline.com/realglobe/api/npm/npm-virtual/inflight/-/inflight-1.0.6.tgz#49bd6331d7d02d0c09bc910a1075ba8165b56df9"
  dependencies:
    once "^1.3.0"
    wrappy "1"

inherits@2, inherits@~2.0.1:
  version "2.0.3"
  resolved "https://realglobe.artifactoryonline.com/realglobe/api/npm/npm-virtual/inherits/-/inherits-2.0.3.tgz#633c2c83e3da42a502f52466022480f4208261de"

is-my-json-valid@^2.12.4:
  version "2.15.0"
  resolved "https://realglobe.artifactoryonline.com/realglobe/api/npm/npm-virtual/is-my-json-valid/-/is-my-json-valid-2.15.0.tgz#936edda3ca3c211fd98f3b2d3e08da43f7b2915b"
  dependencies:
    generate-function "^2.0.0"
    generate-object-property "^1.1.0"
    jsonpointer "^4.0.0"
    xtend "^4.0.0"

is-property@^1.0.0:
  version "1.0.2"
  resolved "https://realglobe.artifactoryonline.com/realglobe/api/npm/npm-virtual/is-property/-/is-property-1.0.2.tgz#57fe1c4e48474edd65b09911f26b1cd4095dda84"

is-stream@^1.0.1:
  version "1.1.0"
  resolved "https://realglobe.artifactoryonline.com/realglobe/api/npm/npm-virtual/is-stream/-/is-stream-1.1.0.tgz#12d4a3dd4e68e0b79ceb8dbc84173ae80d91ca44"

is-typedarray@~1.0.0:
  version "1.0.0"
  resolved "https://realglobe.artifactoryonline.com/realglobe/api/npm/npm-virtual/is-typedarray/-/is-typedarray-1.0.0.tgz#e479c80858df0c1b11ddda6940f96011fcda4a9a"

isarray@0.0.1:
  version "0.0.1"
  resolved "https://realglobe.artifactoryonline.com/realglobe/api/npm/npm-virtual/isarray/-/isarray-0.0.1.tgz#8a18acfca9a8f4177e09abfc6038939b05d1eedf"

isarray@~1.0.0:
  version "1.0.0"
  resolved "https://realglobe.artifactoryonline.com/realglobe/api/npm/npm-virtual/isarray/-/isarray-1.0.0.tgz#bb935d48582cba168c06834957a54a3e07124f11"

isexe@^1.1.1:
  version "1.1.2"
  resolved "https://realglobe.artifactoryonline.com/realglobe/api/npm/npm-virtual/isexe/-/isexe-1.1.2.tgz#36f3e22e60750920f5e7241a476a8c6a42275ad0"

isstream@0.1.x, isstream@~0.1.2:
  version "0.1.2"
  resolved "https://realglobe.artifactoryonline.com/realglobe/api/npm/npm-virtual/isstream/-/isstream-0.1.2.tgz#47e63f7af55afa6f92e1500e690eb8b8529c099a"

jodid25519@^1.0.0:
  version "1.0.2"
  resolved "https://realglobe.artifactoryonline.com/realglobe/api/npm/npm-virtual/jodid25519/-/jodid25519-1.0.2.tgz#06d4912255093419477d425633606e0e90782967"
  dependencies:
    jsbn "~0.1.0"

jsbn@~0.1.0:
  version "0.1.0"
  resolved "https://realglobe.artifactoryonline.com/realglobe/api/npm/npm-virtual/jsbn/-/jsbn-0.1.0.tgz#650987da0dd74f4ebf5a11377a2aa2d273e97dfd"

json-pointer@^0.5.0:
  version "0.5.0"
  resolved "https://realglobe.artifactoryonline.com/realglobe/api/npm/npm-virtual/json-pointer/-/json-pointer-0.5.0.tgz#e0cdd1e561d50608fbc7de810923beb4df11ba0c"
  dependencies:
    foreach "^2.0.4"

json-schema@0.2.3:
  version "0.2.3"
  resolved "https://realglobe.artifactoryonline.com/realglobe/api/npm/npm-virtual/json-schema/-/json-schema-0.2.3.tgz#b480c892e59a2f05954ce727bd3f2a4e882f9e13"

json-stringify-safe@~5.0.1:
  version "5.0.1"
  resolved "https://realglobe.artifactoryonline.com/realglobe/api/npm/npm-virtual/json-stringify-safe/-/json-stringify-safe-5.0.1.tgz#1296a2d58fd45f19a0f6ce01d65701e2c735b6eb"

json3@3.3.2:
  version "3.3.2"
  resolved "https://realglobe.artifactoryonline.com/realglobe/api/npm/npm-virtual/json3/-/json3-3.3.2.tgz#3c0434743df93e2f5c42aee7b19bcb483575f4e1"

jsonfile@^2.1.0:
  version "2.4.0"
  resolved "https://realglobe.artifactoryonline.com/realglobe/api/npm/npm-virtual/jsonfile/-/jsonfile-2.4.0.tgz#3736a2b428b87bbda0cc83b53fa3d633a35c2ae8"
  optionalDependencies:
    graceful-fs "^4.1.6"

jsonpointer@^4.0.0:
  version "4.0.1"
  resolved "https://realglobe.artifactoryonline.com/realglobe/api/npm/npm-virtual/jsonpointer/-/jsonpointer-4.0.1.tgz#4fd92cb34e0e9db3c89c8622ecf51f9b978c6cb9"

jsprim@^1.2.2:
  version "1.3.1"
  resolved "https://realglobe.artifactoryonline.com/realglobe/api/npm/npm-virtual/jsprim/-/jsprim-1.3.1.tgz#2a7256f70412a29ee3670aaca625994c4dcff252"
  dependencies:
    extsprintf "1.0.2"
    json-schema "0.2.3"
    verror "1.3.6"

kew@~0.7.0:
  version "0.7.0"
  resolved "https://realglobe.artifactoryonline.com/realglobe/api/npm/npm-virtual/kew/-/kew-0.7.0.tgz#79d93d2d33363d6fdd2970b335d9141ad591d79b"

klaw@^1.0.0:
  version "1.3.1"
  resolved "https://realglobe.artifactoryonline.com/realglobe/api/npm/npm-virtual/klaw/-/klaw-1.3.1.tgz#4088433b46b3b1ba259d78785d8e96f73ba02439"
  optionalDependencies:
    graceful-fs "^4.1.9"

mime-db@~1.25.0:
  version "1.25.0"
  resolved "https://realglobe.artifactoryonline.com/realglobe/api/npm/npm-virtual/mime-db/-/mime-db-1.25.0.tgz#c18dbd7c73a5dbf6f44a024dc0d165a1e7b1c392"

mime-types@^2.1.12, mime-types@~2.1.7:
  version "2.1.13"
  resolved "https://realglobe.artifactoryonline.com/realglobe/api/npm/npm-virtual/mime-types/-/mime-types-2.1.13.tgz#e07aaa9c6c6b9a7ca3012c69003ad25a39e92a88"
  dependencies:
    mime-db "~1.25.0"

minimatch@^3.0.2:
  version "3.0.3"
  resolved "https://realglobe.artifactoryonline.com/realglobe/api/npm/npm-virtual/minimatch/-/minimatch-3.0.3.tgz#2a4e4090b96b2db06a9d7df01055a62a77c9b774"
  dependencies:
    brace-expansion "^1.0.0"

minimist@0.0.8:
  version "0.0.8"
  resolved "https://realglobe.artifactoryonline.com/realglobe/api/npm/npm-virtual/minimist/-/minimist-0.0.8.tgz#857fcabfc3397d2625b8228262e86aa7a011b05d"

mkdirp@0.5.0:
  version "0.5.0"
  resolved "https://realglobe.artifactoryonline.com/realglobe/api/npm/npm-virtual/mkdirp/-/mkdirp-0.5.0.tgz#1d73076a6df986cd9344e15e71fcc05a4c9abf12"
  dependencies:
    minimist "0.0.8"

mkdirp@^0.5.1:
  version "0.5.1"
  resolved "https://realglobe.artifactoryonline.com/realglobe/api/npm/npm-virtual/mkdirp/-/mkdirp-0.5.1.tgz#30057438eac6cf7f8c4767f38648d6697d75c903"
  dependencies:
    minimist "0.0.8"

ms@0.7.1:
  version "0.7.1"
  resolved "https://realglobe.artifactoryonline.com/realglobe/api/npm/npm-virtual/ms/-/ms-0.7.1.tgz#9cd13c03adbff25b65effde7ce864ee952017098"

ms@0.7.2:
  version "0.7.2"
  resolved "https://realglobe.artifactoryonline.com/realglobe/api/npm/npm-virtual/ms/-/ms-0.7.2.tgz#ae25cf2512b3885a1d95d7f037868d8431124765"

oauth-sign@~0.8.1:
  version "0.8.2"
  resolved "https://realglobe.artifactoryonline.com/realglobe/api/npm/npm-virtual/oauth-sign/-/oauth-sign-0.8.2.tgz#46a6ab7f0aead8deae9ec0565780b7d4efeb9d43"

object-component@0.0.3:
  version "0.0.3"
  resolved "https://realglobe.artifactoryonline.com/realglobe/api/npm/npm-virtual/object-component/-/object-component-0.0.3.tgz#f0c69aa50efc95b866c186f400a33769cb2f1291"

once@^1.3.0:
  version "1.4.0"
  resolved "https://realglobe.artifactoryonline.com/realglobe/api/npm/npm-virtual/once/-/once-1.4.0.tgz#583b1aa775961d4b113ac17d9c50baef9dd76bd1"
  dependencies:
    wrappy "1"

options@>=0.0.5:
  version "0.0.6"
  resolved "https://realglobe.artifactoryonline.com/realglobe/api/npm/npm-virtual/options/-/options-0.0.6.tgz#ec22d312806bb53e731773e7cdaefcf1c643128f"

parsejson@0.0.3:
  version "0.0.3"
  resolved "https://realglobe.artifactoryonline.com/realglobe/api/npm/npm-virtual/parsejson/-/parsejson-0.0.3.tgz#ab7e3759f209ece99437973f7d0f1f64ae0e64ab"
  dependencies:
    better-assert "~1.0.0"

parseqs@0.0.5:
  version "0.0.5"
  resolved "https://realglobe.artifactoryonline.com/realglobe/api/npm/npm-virtual/parseqs/-/parseqs-0.0.5.tgz#d5208a3738e46766e291ba2ea173684921a8b89d"
  dependencies:
    better-assert "~1.0.0"

parseuri@0.0.5:
  version "0.0.5"
  resolved "https://realglobe.artifactoryonline.com/realglobe/api/npm/npm-virtual/parseuri/-/parseuri-0.0.5.tgz#80204a50d4dbb779bfdc6ebe2778d90e4bce320a"
  dependencies:
    better-assert "~1.0.0"

path-is-absolute@^1.0.0:
  version "1.0.1"
  resolved "https://realglobe.artifactoryonline.com/realglobe/api/npm/npm-virtual/path-is-absolute/-/path-is-absolute-1.0.1.tgz#174b9268735534ffbc7ace6bf53a5a9e1b5c5f5f"

pend@~1.2.0:
  version "1.2.0"
  resolved "https://realglobe.artifactoryonline.com/realglobe/api/npm/npm-virtual/pend/-/pend-1.2.0.tgz#7a57eb550a6783f9115331fcf4663d5c8e007a50"

phantom@^4.0.0:
  version "4.0.0"
  resolved "https://realglobe.artifactoryonline.com/realglobe/api/npm/npm-virtual/phantom/-/phantom-4.0.0.tgz#007e45d454ceeb8f074cad993ed44c2193f24d79"
  dependencies:
    phantomjs-prebuilt "^2.1.4"
    split "^1.0.0"
    winston "^2.2.0"

phantomjs-prebuilt@^2.1.4:
  version "2.1.14"
  resolved "https://realglobe.artifactoryonline.com/realglobe/api/npm/npm-virtual/phantomjs-prebuilt/-/phantomjs-prebuilt-2.1.14.tgz#d53d311fcfb7d1d08ddb24014558f1188c516da0"
  dependencies:
    es6-promise "~4.0.3"
    extract-zip "~1.5.0"
    fs-extra "~1.0.0"
    hasha "~2.2.0"
    kew "~0.7.0"
    progress "~1.1.8"
    request "~2.79.0"
    request-progress "~2.0.1"
    which "~1.2.10"

pinkie-promise@^2.0.0:
  version "2.0.1"
  resolved "https://realglobe.artifactoryonline.com/realglobe/api/npm/npm-virtual/pinkie-promise/-/pinkie-promise-2.0.1.tgz#2135d6dfa7a358c069ac9b178776288228450ffa"
  dependencies:
    pinkie "^2.0.0"

pinkie@^2.0.0:
  version "2.0.4"
  resolved "https://realglobe.artifactoryonline.com/realglobe/api/npm/npm-virtual/pinkie/-/pinkie-2.0.4.tgz#72556b80cfa0d48a974e80e77248e80ed4f7f870"

process-nextick-args@~1.0.6:
  version "1.0.7"
  resolved "https://realglobe.artifactoryonline.com/realglobe/api/npm/npm-virtual/process-nextick-args/-/process-nextick-args-1.0.7.tgz#150e20b756590ad3f91093f25a4f2ad8bff30ba3"

progress@~1.1.8:
  version "1.1.8"
  resolved "https://realglobe.artifactoryonline.com/realglobe/api/npm/npm-virtual/progress/-/progress-1.1.8.tgz#e260c78f6161cdd9b0e56cc3e0a85de17c7a57be"

punycode@^1.4.1:
  version "1.4.1"
  resolved "https://realglobe.artifactoryonline.com/realglobe/api/npm/npm-virtual/punycode/-/punycode-1.4.1.tgz#c0d5a63b2718800ad8e1eb0fa5269c84dd41845e"

qs@~6.3.0:
  version "6.3.0"
  resolved "https://realglobe.artifactoryonline.com/realglobe/api/npm/npm-virtual/qs/-/qs-6.3.0.tgz#f403b264f23bc01228c74131b407f18d5ea5d442"

readable-stream@~2.0.0:
  version "2.0.6"
  resolved "https://realglobe.artifactoryonline.com/realglobe/api/npm/npm-virtual/readable-stream/-/readable-stream-2.0.6.tgz#8f90341e68a53ccc928788dacfcd11b36eb9b78e"
  dependencies:
    core-util-is "~1.0.0"
    inherits "~2.0.1"
    isarray "~1.0.0"
    process-nextick-args "~1.0.6"
    string_decoder "~0.10.x"
    util-deprecate "~1.0.1"

regenerator-runtime@^0.10.0:
  version "0.10.1"
  resolved "https://realglobe.artifactoryonline.com/realglobe/api/npm/npm-virtual/regenerator-runtime/-/regenerator-runtime-0.10.1.tgz#257f41961ce44558b18f7814af48c17559f9faeb"

request-progress@~2.0.1:
  version "2.0.1"
  resolved "https://realglobe.artifactoryonline.com/realglobe/api/npm/npm-virtual/request-progress/-/request-progress-2.0.1.tgz#5d36bb57961c673aa5b788dbc8141fdf23b44e08"
  dependencies:
    throttleit "^1.0.0"

request@~2.79.0:
  version "2.79.0"
  resolved "https://realglobe.artifactoryonline.com/realglobe/api/npm/npm-virtual/request/-/request-2.79.0.tgz#4dfe5bf6be8b8cdc37fcf93e04b65577722710de"
  dependencies:
    aws-sign2 "~0.6.0"
    aws4 "^1.2.1"
    caseless "~0.11.0"
    combined-stream "~1.0.5"
    extend "~3.0.0"
    forever-agent "~0.6.1"
    form-data "~2.1.1"
    har-validator "~2.0.6"
    hawk "~3.1.3"
    http-signature "~1.1.0"
    is-typedarray "~1.0.0"
    isstream "~0.1.2"
    json-stringify-safe "~5.0.1"
    mime-types "~2.1.7"
    oauth-sign "~0.8.1"
    qs "~6.3.0"
    stringstream "~0.0.4"
    tough-cookie "~2.3.0"
    tunnel-agent "~0.4.1"
    uuid "^3.0.0"

sg-check@^1.0.6:
  version "1.0.6"
  resolved "https://realglobe.artifactoryonline.com/realglobe/api/npm/npm-virtual/sg-check/-/sg-check-1.0.6.tgz#6331e6177d44e20934c7d38aed1b6fdc28240d6e"
  dependencies:
    asfs "^1.0.5"
    co "^4.6.0"
    hasbin "^1.2.3"

sg-queue@^1.0.2:
  version "1.0.2"
  resolved "https://realglobe.artifactoryonline.com/realglobe/api/npm/npm-virtual/sg-queue/-/sg-queue-1.0.2.tgz#0c51848d63bd12d08c7a26aab0c05d343966e277"
  dependencies:
    co "^4.6.0"

sg-schemas@^2.1.3:
  version "2.1.3"
  resolved "https://realglobe.artifactoryonline.com/realglobe/api/npm/npm-virtual/sg-schemas/-/sg-schemas-2.1.3.tgz#62224d6d982fa1f781df08dc25cd5a9d6401331e"
  dependencies:
    co "^4.6.0"
    filecopy "^2.0.2"

sg-serializer@^1.1.5, sg-serializer@^1.1.6:
  version "1.1.6"
  resolved "https://realglobe.artifactoryonline.com/realglobe/api/npm/npm-virtual/sg-serializer/-/sg-serializer-1.1.6.tgz#ba2ba0cb7672fc0a41ff5878ff3e6493cc9cbec3"
  dependencies:
    co "^4.6.0"
    json-pointer "^0.5.0"

sg-socket-client@^1.2.17:
  version "1.2.18"
  resolved "https://realglobe.artifactoryonline.com/realglobe/api/npm/npm-virtual/sg-socket-client/-/sg-socket-client-1.2.18.tgz#deec33740cc7f5d843621ece5e527a6c5475c78f"
  dependencies:
    asenv "^1.0.4"
    co "^4.6.0"
    debug "^2.2.0"
    sg-socket-constants "^1.3.6"
    socket.io-client "^1.4.8"

sg-socket-constants@^1.3.10, sg-socket-constants@^1.3.6:
  version "1.3.12"
  resolved "https://realglobe.artifactoryonline.com/realglobe/api/npm/npm-virtual/sg-socket-constants/-/sg-socket-constants-1.3.12.tgz#f9079f38bdb2bc59b8ee0d8ce257bcbda6284f29"
  dependencies:
    co "^4.6.0"

sg-validator@^1.0.4:
  version "1.0.4"
  resolved "https://realglobe.artifactoryonline.com/realglobe/api/npm/npm-virtual/sg-validator/-/sg-validator-1.0.4.tgz#907bf547d2942f8efcf532c15cd900f75dfa800f"
  dependencies:
    co "^4.6.0"
    tv4 "^1.2.7"

sntp@1.x.x:
  version "1.0.9"
  resolved "https://realglobe.artifactoryonline.com/realglobe/api/npm/npm-virtual/sntp/-/sntp-1.0.9.tgz#6541184cc90aeea6c6e7b35e2659082443c66198"
  dependencies:
    hoek "2.x.x"

socket.io-client@^1.4.8:
  version "1.7.2"
  resolved "https://realglobe.artifactoryonline.com/realglobe/api/npm/npm-virtual/socket.io-client/-/socket.io-client-1.7.2.tgz#39fdb0c3dd450e321b7e40cfd83612ec533dd644"
  dependencies:
    backo2 "1.0.2"
    component-bind "1.0.0"
    component-emitter "1.2.1"
    debug "2.3.3"
    engine.io-client "1.8.2"
    has-binary "0.1.7"
    indexof "0.0.1"
    object-component "0.0.3"
    parseuri "0.0.5"
    socket.io-parser "2.3.1"
    to-array "0.1.4"

socket.io-parser@2.3.1:
  version "2.3.1"
  resolved "https://realglobe.artifactoryonline.com/realglobe/api/npm/npm-virtual/socket.io-parser/-/socket.io-parser-2.3.1.tgz#dd532025103ce429697326befd64005fcfe5b4a0"
  dependencies:
    component-emitter "1.1.2"
    debug "2.2.0"
    isarray "0.0.1"
    json3 "3.3.2"

split@^1.0.0:
  version "1.0.0"
  resolved "https://realglobe.artifactoryonline.com/realglobe/api/npm/npm-virtual/split/-/split-1.0.0.tgz#c4395ce683abcd254bc28fe1dabb6e5c27dcffae"
  dependencies:
    through "2"

sshpk@^1.7.0:
  version "1.10.1"
  resolved "https://realglobe.artifactoryonline.com/realglobe/api/npm/npm-virtual/sshpk/-/sshpk-1.10.1.tgz#30e1a5d329244974a1af61511339d595af6638b0"
  dependencies:
    asn1 "~0.2.3"
    assert-plus "^1.0.0"
    dashdash "^1.12.0"
    getpass "^0.1.1"
  optionalDependencies:
    bcrypt-pbkdf "^1.0.0"
    ecc-jsbn "~0.1.1"
    jodid25519 "^1.0.0"
    jsbn "~0.1.0"
    tweetnacl "~0.14.0"

stack-trace@0.0.x:
  version "0.0.9"
  resolved "https://realglobe.artifactoryonline.com/realglobe/api/npm/npm-virtual/stack-trace/-/stack-trace-0.0.9.tgz#a8f6eaeca90674c333e7c43953f275b451510695"

string_decoder@~0.10.x:
  version "0.10.31"
  resolved "https://realglobe.artifactoryonline.com/realglobe/api/npm/npm-virtual/string_decoder/-/string_decoder-0.10.31.tgz#62e203bc41766c6c28c9fc84301dab1c5310fa94"

stringstream@~0.0.4:
  version "0.0.5"
  resolved "https://realglobe.artifactoryonline.com/realglobe/api/npm/npm-virtual/stringstream/-/stringstream-0.0.5.tgz#4e484cd4de5a0bbbee18e46307710a8a81621878"

strip-ansi@^3.0.0:
  version "3.0.1"
  resolved "https://realglobe.artifactoryonline.com/realglobe/api/npm/npm-virtual/strip-ansi/-/strip-ansi-3.0.1.tgz#6a385fb8853d952d5ff05d0e8aaf94278dc63dcf"
  dependencies:
    ansi-regex "^2.0.0"

sugo-actor@^4.4.6:
  version "4.4.6"
  resolved "https://realglobe.artifactoryonline.com/realglobe/api/npm/npm-virtual/sugo-actor/-/sugo-actor-4.4.6.tgz#5b0b210529cfcc1f3f32c47c92a2f4e26537fb74"
  dependencies:
    argx "^3.0.1"
    asenv "^1.0.6"
    asleep "^1.0.3"
    bwindow "^1.0.7"
    co "^4.6.0"
    sg-queue "^1.0.2"
    sg-schemas "^2.1.3"
    sg-serializer "^1.1.6"
    sg-socket-client "^1.2.17"
    sg-socket-constants "^1.3.10"
    sg-validator "^1.0.4"
    sugo-constants "^2.0.0"
    sugo-module-base "^1.1.2"
    uuid "^2.0.2"

sugo-caller@^3.0.6:
  version "3.0.6"
  resolved "https://realglobe.artifactoryonline.com/realglobe/api/npm/npm-virtual/sugo-caller/-/sugo-caller-3.0.6.tgz#249009fb4a039b3b5a985b22ecd5819b85489fe6"
  dependencies:
    argx "^3.0.1"
    bwindow "^1.0.7"
    co "^4.6.0"
    sg-queue "^1.0.2"
    sg-schemas "^2.1.3"
    sg-serializer "^1.1.5"
    sg-socket-client "^1.2.17"
    sg-socket-constants "^1.3.10"
    sg-validator "^1.0.4"
    sugo-constants "^2.0.0"

sugo-constants@^2.0.0:
  version "2.0.0"
  resolved "https://realglobe.artifactoryonline.com/realglobe/api/npm/npm-virtual/sugo-constants/-/sugo-constants-2.0.0.tgz#adcc501747267b360050e7596186cd03e07d2d2b"
  dependencies:
    co "^4.6.0"

sugo-module-base@^1.1.2:
  version "1.1.2"
  resolved "https://realglobe.artifactoryonline.com/realglobe/api/npm/npm-virtual/sugo-module-base/-/sugo-module-base-1.1.2.tgz#41f98807ef4a814fce437be0434e13ee1b44fbae"
  dependencies:
    co "^4.6.0"
    debug "^2.2.0"
    defaults "^1.0.3"
    sg-check "^1.0.6"
    sugo-constants "^2.0.0"

supports-color@^2.0.0:
  version "2.0.0"
  resolved "https://realglobe.artifactoryonline.com/realglobe/api/npm/npm-virtual/supports-color/-/supports-color-2.0.0.tgz#535d045ce6b6363fa40117084629995e9df324c7"

throttleit@^1.0.0:
  version "1.0.0"
  resolved "https://realglobe.artifactoryonline.com/realglobe/api/npm/npm-virtual/throttleit/-/throttleit-1.0.0.tgz#9e785836daf46743145a5984b6268d828528ac6c"

through@2:
  version "2.3.8"
  resolved "https://realglobe.artifactoryonline.com/realglobe/api/npm/npm-virtual/through/-/through-2.3.8.tgz#0dd4c9ffaabc357960b1b724115d7e0e86a2e1f5"

to-array@0.1.4:
  version "0.1.4"
  resolved "https://realglobe.artifactoryonline.com/realglobe/api/npm/npm-virtual/to-array/-/to-array-0.1.4.tgz#17e6c11f73dd4f3d74cda7a4ff3238e9ad9bf890"

tough-cookie@~2.3.0:
  version "2.3.2"
  resolved "https://realglobe.artifactoryonline.com/realglobe/api/npm/npm-virtual/tough-cookie/-/tough-cookie-2.3.2.tgz#f081f76e4c85720e6c37a5faced737150d84072a"
  dependencies:
    punycode "^1.4.1"

tunnel-agent@~0.4.1:
  version "0.4.3"
  resolved "https://realglobe.artifactoryonline.com/realglobe/api/npm/npm-virtual/tunnel-agent/-/tunnel-agent-0.4.3.tgz#6373db76909fe570e08d73583365ed828a74eeeb"

tv4@^1.2.7:
  version "1.2.7"
  resolved "https://realglobe.artifactoryonline.com/realglobe/api/npm/npm-virtual/tv4/-/tv4-1.2.7.tgz#bd29389afc73ade49ae5f48142b5d544bf68d120"

tweetnacl@^0.14.3, tweetnacl@~0.14.0:
  version "0.14.5"
  resolved "https://realglobe.artifactoryonline.com/realglobe/api/npm/npm-virtual/tweetnacl/-/tweetnacl-0.14.5.tgz#5ae68177f192d4456269d108afa93ff8743f4f64"

typedarray@~0.0.5:
  version "0.0.6"
  resolved "https://realglobe.artifactoryonline.com/realglobe/api/npm/npm-virtual/typedarray/-/typedarray-0.0.6.tgz#867ac74e3864187b1d3d47d996a78ec5c8830777"

ultron@1.0.x:
  version "1.0.2"
  resolved "https://realglobe.artifactoryonline.com/realglobe/api/npm/npm-virtual/ultron/-/ultron-1.0.2.tgz#ace116ab557cd197386a4e88f4685378c8b2e4fa"

util-deprecate@~1.0.1:
  version "1.0.2"
  resolved "https://realglobe.artifactoryonline.com/realglobe/api/npm/npm-virtual/util-deprecate/-/util-deprecate-1.0.2.tgz#450d4dc9fa70de732762fbd2d4a28981419a0ccf"

uuid@^2.0.2:
  version "2.0.3"
  resolved "https://realglobe.artifactoryonline.com/realglobe/api/npm/npm-virtual/uuid/-/uuid-2.0.3.tgz#67e2e863797215530dff318e5bf9dcebfd47b21a"

uuid@^3.0.0:
  version "3.0.1"
  resolved "https://realglobe.artifactoryonline.com/realglobe/api/npm/npm-virtual/uuid/-/uuid-3.0.1.tgz#6544bba2dfda8c1cf17e629a3a305e2bb1fee6c1"

verror@1.3.6:
  version "1.3.6"
  resolved "https://realglobe.artifactoryonline.com/realglobe/api/npm/npm-virtual/verror/-/verror-1.3.6.tgz#cff5df12946d297d2baaefaa2689e25be01c005c"
  dependencies:
    extsprintf "1.0.2"

which@~1.2.10:
  version "1.2.12"
  resolved "https://realglobe.artifactoryonline.com/realglobe/api/npm/npm-virtual/which/-/which-1.2.12.tgz#de67b5e450269f194909ef23ece4ebe416fa1192"
  dependencies:
    isexe "^1.1.1"

winston@^2.2.0:
  version "2.3.0"
  resolved "https://realglobe.artifactoryonline.com/realglobe/api/npm/npm-virtual/winston/-/winston-2.3.0.tgz#207faaab6fccf3fe493743dd2b03dbafc7ceb78c"
  dependencies:
    async "~1.0.0"
    colors "1.0.x"
    cycle "1.0.x"
    eyes "0.1.x"
    isstream "0.1.x"
    stack-trace "0.0.x"

wrappy@1:
  version "1.0.2"
  resolved "https://realglobe.artifactoryonline.com/realglobe/api/npm/npm-virtual/wrappy/-/wrappy-1.0.2.tgz#b5243d8f3ec1aa35f1364605bc0d1036e30ab69f"

ws@1.1.1:
  version "1.1.1"
  resolved "https://realglobe.artifactoryonline.com/realglobe/api/npm/npm-virtual/ws/-/ws-1.1.1.tgz#082ddb6c641e85d4bb451f03d52f06eabdb1f018"
  dependencies:
    options ">=0.0.5"
    ultron "1.0.x"

wtf-8@1.0.0:
  version "1.0.0"
  resolved "https://realglobe.artifactoryonline.com/realglobe/api/npm/npm-virtual/wtf-8/-/wtf-8-1.0.0.tgz#392d8ba2d0f1c34d1ee2d630f15d0efb68e1048a"

xmlhttprequest-ssl@1.5.3:
  version "1.5.3"
  resolved "https://realglobe.artifactoryonline.com/realglobe/api/npm/npm-virtual/xmlhttprequest-ssl/-/xmlhttprequest-ssl-1.5.3.tgz#185a888c04eca46c3e4070d99f7b49de3528992d"

xtend@^4.0.0:
  version "4.0.1"
  resolved "https://realglobe.artifactoryonline.com/realglobe/api/npm/npm-virtual/xtend/-/xtend-4.0.1.tgz#a5c6d532be656e23db820efb943a1f04998d63af"

yauzl@2.4.1:
  version "2.4.1"
  resolved "https://realglobe.artifactoryonline.com/realglobe/api/npm/npm-virtual/yauzl/-/yauzl-2.4.1.tgz#9528f442dab1b2284e58b4379bb194e22e0c4005"
  dependencies:
    fd-slicer "~1.0.1"

yeast@0.1.2:
  version "0.1.2"
  resolved "https://realglobe.artifactoryonline.com/realglobe/api/npm/npm-virtual/yeast/-/yeast-0.1.2.tgz#008e06d8094320c372dbc2f8ed76a0ca6c8ac419"
